<?xml version="1.0" encoding="utf-8"?>
<Project ToolsVersion="4.0" xmlns="http://schemas.microsoft.com/developer/msbuild/2003">
  <ItemGroup>
    <Filter Include="源文件">
      <UniqueIdentifier>{4FC737F1-C7A5-4376-A066-2A32D752A2FF}</UniqueIdentifier>
      <Extensions>cpp;c;cc;cxx;c++;cppm;ixx;def;odl;idl;hpj;bat;asm;asmx</Extensions>
    </Filter>
    <Filter Include="头文件">
      <UniqueIdentifier>{93995380-89BD-4b04-88EB-625FBE52EBFB}</UniqueIdentifier>
      <Extensions>h;hh;hpp;hxx;h++;hm;inl;inc;ipp;xsd</Extensions>
    </Filter>
    <Filter Include="资源文件">
      <UniqueIdentifier>{67DA6AB6-F800-4c08-8B7A-83BB121AAD01}</UniqueIdentifier>
      <Extensions>rc;ico;cur;bmp;dlg;rc2;rct;bin;rgs;gif;jpg;jpeg;jpe;resx;tiff;tif;png;wav;mfcribbon-ms</Extensions>
    </Filter>
    <Filter Include="源文件\student">
      <UniqueIdentifier>{29daad57-2b1f-4b05-b80f-98003e37c9ae}</UniqueIdentifier>
    </Filter>
    <Filter Include="源文件\MySql">
      <UniqueIdentifier>{d47087b6-b5cf-4af3-a790-c41da5c673d1}</UniqueIdentifier>
    </Filter>
    <Filter Include="源文件\算法">
      <UniqueIdentifier>{14a270a0-d5fb-4188-b55c-1eafa7bea403}</UniqueIdentifier>
    </Filter>
    <Filter Include="源文件\Dept">
      <UniqueIdentifier>{a743f73f-28ce-4e3b-b123-857bfeab0767}</UniqueIdentifier>
    </Filter>
    <Filter Include="源文件\Major">
      <UniqueIdentifier>{fcc63e9f-71bf-485a-a5ea-7a57815b5032}</UniqueIdentifier>
    </Filter>
    <Filter Include="源文件\Report">
      <UniqueIdentifier>{e8644fa0-b0eb-48bd-8e5c-a725289ceb48}</UniqueIdentifier>
    </Filter>
  </ItemGroup>
  <ItemGroup>
    <ClCompile Include="main.cpp">
      <Filter>源文件</Filter>
    </ClCompile>
    <ClCompile Include="student_InsertData.cpp">
      <Filter>源文件\student</Filter>
    </ClCompile>
    <ClCompile Include="ConnectDatabase.cpp">
      <Filter>源文件\MySql</Filter>
    </ClCompile>
    <ClCompile Include="FreeConnect.cpp">
      <Filter>源文件\MySql</Filter>
    </ClCompile>
    <ClCompile Include="student_QueryDatabase.cpp">
      <Filter>源文件\student</Filter>
    </ClCompile>
    <ClCompile Include="student_ModifyData.cpp">
      <Filter>源文件\student</Filter>
    </ClCompile>
    <ClCompile Include="student_DeleteData.cpp">
      <Filter>源文件\student</Filter>
    </ClCompile>
    <ClCompile Include="student_CreateTable.cpp">
      <Filter>源文件\student</Filter>
    </ClCompile>
    <ClCompile Include="student_DropTable.cpp">
      <Filter>源文件\student</Filter>
    </ClCompile>
    <ClCompile Include="Sage.cpp">
      <Filter>源文件\算法</Filter>
    </ClCompile>
    <ClCompile Include="dept_CreateTable.cpp">
      <Filter>源文件\Dept</Filter>
    </ClCompile>
  </ItemGroup>
  <ItemGroup>
    <ClInclude Include="studentM.h">
      <Filter>头文件</Filter>
    </ClInclude>
  </ItemGroup>
</Project>